
Microsoft Visual Studio Solution File, Format Version 12.00
# Visual Studio 15
VisualStudioVersion = 15.0.27703.2035
MinimumVisualStudioVersion = 10.0.40219.1
Project("{FAE04EC0-301F-11D3-BF4B-00C04F79EFBC}") = "ConsoleAppForGit", "ConsoleAppForGit\ConsoleAppForGit.csproj", "{FB5657DF-D6D5-45A5-B42C-A48CC0741C9F}"
EndProject
Project("{FAE04EC0-301F-11D3-BF4B-00C04F79EFBC}") = "MegaCalculator", "MegaCalculator\MegaCalculator.csproj", "{CF4FDB56-0D1B-487D-9577-7821B8DCABD0}"
EndProject
Global
	GlobalSection(SolutionConfigurationPlatforms) = preSolution
		Debug|Any CPU = Debug|Any CPU
		Release|Any CPU = Release|Any CPU
	EndGlobalSection
	GlobalSection(ProjectConfigurationPlatforms) = postSolution
		{FB5657DF-D6D5-45A5-B42C-A48CC0741C9F}.Debug|Any CPU.ActiveCfg = Debug|Any CPU
		{FB5657DF-D6D5-45A5-B42C-A48CC0741C9F}.Debug|Any CPU.Build.0 = Debug|Any CPU
		{FB5657DF-D6D5-45A5-B42C-A48CC0741C9F}.Release|Any CPU.ActiveCfg = Release|Any CPU
		{FB5657DF-D6D5-45A5-B42C-A48CC0741C9F}.Release|Any CPU.Build.0 = Release|Any CPU
		{CF4FDB56-0D1B-487D-9577-7821B8DCABD0}.Debug|Any CPU.ActiveCfg = Debug|Any CPU
		{CF4FDB56-0D1B-487D-9577-7821B8DCABD0}.Debug|Any CPU.Build.0 = Debug|Any CPU
		{CF4FDB56-0D1B-487D-9577-7821B8DCABD0}.Release|Any CPU.ActiveCfg = Release|Any CPU
		{CF4FDB56-0D1B-487D-9577-7821B8DCABD0}.Release|Any CPU.Build.0 = Release|Any CPU
	EndGlobalSection
	GlobalSection(SolutionProperties) = preSolution
		HideSolutionNode = FALSE
	EndGlobalSection
	GlobalSection(ExtensibilityGlobals) = postSolution
		SolutionGuid = {8CE67DC0-E485-4769-901C-A4A6E8F9367B}
	EndGlobalSection
EndGlobal
